{
  "version": 4,
  "terraform_version": "1.7.5",
  "serial": 3,
  "lineage": "0ea91e42-0064-e935-3567-61ec3897d3e6",
  "outputs": {
    "site_url": {
      "value": "https://leetnode.io",
      "type": "string"
    }
  },
  "resources": [
    {
      "mode": "data",
      "type": "aws_ami",
      "name": "ubuntu",
      "provider": "provider[\"registry.terraform.io/hashicorp/aws\"]",
      "instances": [
        {
          "schema_version": 0,
          "attributes": {
            "architecture": "x86_64",
            "arn": "arn:aws:ec2:us-east-1::image/ami-0fc0d6e8d70ab2d42",
            "block_device_mappings": [
              {
                "device_name": "/dev/sda1",
                "ebs": {
                  "delete_on_termination": "true",
                  "encrypted": "false",
                  "iops": "0",
                  "snapshot_id": "snap-0203c3076970c7c23",
                  "throughput": "0",
                  "volume_initialization_rate": "0",
                  "volume_size": "8",
                  "volume_type": "gp3"
                },
                "no_device": "",
                "virtual_name": ""
              },
              {
                "device_name": "/dev/sdb",
                "ebs": {},
                "no_device": "",
                "virtual_name": "ephemeral0"
              },
              {
                "device_name": "/dev/sdc",
                "ebs": {},
                "no_device": "",
                "virtual_name": "ephemeral1"
              }
            ],
            "boot_mode": "uefi-preferred",
            "creation_date": "2026-05-15T10:56:58.000Z",
            "deprecation_time": "2028-05-15T10:56:58.000Z",
            "description": "Canonical, Ubuntu, 24.04, amd64 noble image",
            "ena_support": true,
            "executable_users": null,
            "filter": [
              {
                "name": "name",
                "values": [
                  "ubuntu/images/hvm-ssd-gp3/ubuntu-noble-24.04-amd64-server-*"
                ]
              }
            ],
            "hypervisor": "xen",
            "id": "ami-0fc0d6e8d70ab2d42",
            "image_id": "ami-0fc0d6e8d70ab2d42",
            "image_location": "amazon/ubuntu/images/hvm-ssd-gp3/ubuntu-noble-24.04-amd64-server-20260515",
            "image_owner_alias": "amazon",
            "image_type": "machine",
            "imds_support": "v2.0",
            "include_deprecated": false,
            "kernel_id": "",
            "last_launched_time": "",
            "most_recent": true,
            "name": "ubuntu/images/hvm-ssd-gp3/ubuntu-noble-24.04-amd64-server-20260515",
            "name_regex": null,
            "owner_id": "099720109477",
            "owners": [
              "099720109477"
            ],
            "platform": "",
            "platform_details": "Linux/UNIX",
            "product_codes": [],
            "public": true,
            "ramdisk_id": "",
            "root_device_name": "/dev/sda1",
            "root_device_type": "ebs",
            "root_snapshot_id": "snap-0203c3076970c7c23",
            "sriov_net_support": "simple",
            "state": "available",
            "state_reason": {
              "code": "UNSET",
              "message": "UNSET"
            },
            "tags": {},
            "timeouts": null,
            "tpm_support": "",
            "uefi_data": null,
            "usage_operation": "RunInstances",
            "virtualization_type": "hvm"
          },
          "sensitive_attributes": []
        }
      ]
    },
    {
      "mode": "managed",
      "type": "aws_key_pair",
      "name": "leetnode",
      "provider": "provider[\"registry.terraform.io/hashicorp/aws\"]",
      "instances": [
        {
          "schema_version": 1,
          "attributes": {
            "arn": "arn:aws:ec2:us-east-1:375459824176:key-pair/leetnode-key",
            "fingerprint": "4e:8a:46:89:ca:f8:7d:9a:c9:bb:1a:ab:71:cd:6c:fd",
            "id": "leetnode-key",
            "key_name": "leetnode-key",
            "key_name_prefix": "",
            "key_pair_id": "key-0242ae57f65e905a2",
            "key_type": "rsa",
            "public_key": "ssh-rsa AAAAB3NzaC1yc2EAAAADAQABAAABgQC36wJb8KGdmRgbTFOZ3mj9rsgt/XO1VPU6Ld3fHBP8NsamDg5uuzX9P7pDIrTgohK4iZVkid3LYC0JIIeOms20rNoxhyrZh/APReh3gDFswhxvUCzQBMociz9bG6oeDxwmtYCj19YSkJgae5K9nvwVOS9sHpZMILXuta1TFfBNScJDKMPaOd1z7sOKIOZ88BrBwZVn0Ze+Mkmskdd3Tei942EWTfN1q7IKxh+zkWV/XmmMxTul0pZAUDr4oGgcv9H4g9idPM+ieMVDbdcMaoijBRqVdmAU0dFdjYbJVnyYL006WhOwBY+Psd5ab/k3hMBZwhAS8JUavkECz+e6e9gEUt/Om2WCOotPXWzfwYtyY23Wcq1HWFC2E4XlCh2PginwPJQMyhkVrhRhJxTO/WOOfQp1fdBF2o3znqF9A5KqiMPJDTxkCdYmsUhJTW7SIXH6T3J9TsyQq89Tg5fLIylq3+QH8euAl6P5oMcJxYDvHLr7lXcZBgNtMkhivkstSqc= sanket@Sankets-MacBook-Air.local",
            "tags": null,
            "tags_all": {}
          },
          "sensitive_attributes": [],
          "private": "eyJzY2hlbWFfdmVyc2lvbiI6IjEifQ==",
          "create_before_destroy": true
        }
      ]
    }
  ],
  "check_results": null
}
